
Microsoft Visual Studio Solution File, Format Version 12.00
# Visual Studio Version 16
VisualStudioVersion = 16.0.31105.61
MinimumVisualStudioVersion = 10.0.40219.1
Project("{FAE04EC0-301F-11D3-BF4B-00C04F79EFBC}") = "OperacionesMatematicas", "OperacionesMatematicas\OperacionesMatematicas.csproj", "{4E566937-E90F-48FC-ADD5-2F0D875947CF}"
EndProject
Global
	GlobalSection(SolutionConfigurationPlatforms) = preSolution
		Debug|Any CPU = Debug|Any CPU
		Release|Any CPU = Release|Any CPU
	EndGlobalSection
	GlobalSection(ProjectConfigurationPlatforms) = postSolution
		{4E566937-E90F-48FC-ADD5-2F0D875947CF}.Debug|Any CPU.ActiveCfg = Debug|Any CPU
		{4E566937-E90F-48FC-ADD5-2F0D875947CF}.Debug|Any CPU.Build.0 = Debug|Any CPU
		{4E566937-E90F-48FC-ADD5-2F0D875947CF}.Release|Any CPU.ActiveCfg = Release|Any CPU
		{4E566937-E90F-48FC-ADD5-2F0D875947CF}.Release|Any CPU.Build.0 = Release|Any CPU
	EndGlobalSection
	GlobalSection(SolutionProperties) = preSolution
		HideSolutionNode = FALSE
	EndGlobalSection
	GlobalSection(ExtensibilityGlobals) = postSolution
		SolutionGuid = {F3D0BF87-FE15-444B-B311-40564904B956}
	EndGlobalSection
EndGlobal
